
Microsoft Visual Studio Solution File, Format Version 12.00
# Visual Studio Version 17
VisualStudioVersion = 17.4.33213.308
MinimumVisualStudioVersion = 10.0.40219.1
Project("{FAE04EC0-301F-11D3-BF4B-00C04F79EFBC}") = "WebApplication2", "WebApplication2\WebApplication2.csproj", "{23CA372F-C14F-4A45-A806-DFD3EF318A50}"
EndProject
Global
	GlobalSection(SolutionConfigurationPlatforms) = preSolution
		Debug|Any CPU = Debug|Any CPU
		Release|Any CPU = Release|Any CPU
	EndGlobalSection
	GlobalSection(ProjectConfigurationPlatforms) = postSolution
		{23CA372F-C14F-4A45-A806-DFD3EF318A50}.Debug|Any CPU.ActiveCfg = Debug|Any CPU
		{23CA372F-C14F-4A45-A806-DFD3EF318A50}.Debug|Any CPU.Build.0 = Debug|Any CPU
		{23CA372F-C14F-4A45-A806-DFD3EF318A50}.Release|Any CPU.ActiveCfg = Release|Any CPU
		{23CA372F-C14F-4A45-A806-DFD3EF318A50}.Release|Any CPU.Build.0 = Release|Any CPU
	EndGlobalSection
	GlobalSection(SolutionProperties) = preSolution
		HideSolutionNode = FALSE
	EndGlobalSection
	GlobalSection(ExtensibilityGlobals) = postSolution
		SolutionGuid = {53711BBE-2934-4F14-8BD3-47E13BE9EF97}
	EndGlobalSection
EndGlobal
